{
    "_readme": [
        "This file locks the dependencies of your project to a known state",
        "Read more about it at https://getcomposer.org/doc/01-basic-usage.md#installing-dependencies",
        "This file is @generated automatically"
    ],
    "content-hash": "19b39e62d25047c6e8d1c958442d083e",
    "packages": [
        {
            "name": "koolreport/core",
            "version": "5.0.1",
            "source": {
                "type": "git",
                "url": "https://github.com/koolreport/core.git",
                "reference": "aa7241001ee998a0616277cf532789ec47166f0a"
            },
            "dist": {
                "type": "zip",
                "url": "https://api.github.com/repos/koolreport/core/zipball/aa7241001ee998a0616277cf532789ec47166f0a",
                "reference": "aa7241001ee998a0616277cf532789ec47166f0a",
                "shasum": ""
            },
            "require": {
                "php": ">=5.4"
            },
            "type": "library",
            "autoload": {
                "files": [
                    "autoload.php"
                ]
            },
            "notification-url": "https://packagist.org/downloads/",
            "license": [
                "MIT"
            ],
            "authors": [
                {
                    "name": "KoolPHP Inc",
                    "homepage": "https://www.koolphp.net"
                }
            ],
            "description": "An Open Source PHP Reporting Framework for easier and faster report delivery.",
            "homepage": "https://www.koolreport.com",
            "keywords": [
                "PHP Reporting Framework",
                "PHP Reporting Tools",
                "charts and graphs",
                "data processing",
                "data visualization"
            ],
            "support": {
                "issues": "https://github.com/koolreport/core/issues",
                "source": "https://github.com/koolreport/core/tree/v5.0.1"
            },
            "time": "2021-01-11T08:02:20+00:00"
        }
    ],
    "packages-dev": [],
    "aliases": [],
    "minimum-stability": "stable",
    "stability-flags": [],
    "prefer-stable": false,
    "prefer-lowest": false,
    "platform": {
        "php": ">=5.4"
    },
    "platform-dev": [],
    "plugin-api-version": "2.0.0"
}
